
Microsoft Visual Studio Solution File, Format Version 12.00
# Visual Studio Version 17
VisualStudioVersion = 17.6.33723.286
MinimumVisualStudioVersion = 10.0.40219.1
Project("{FAE04EC0-301F-11D3-BF4B-00C04F79EFBC}") = "esCharView", "esCharView\esCharView.csproj", "{33953CE4-6BAD-4E04-9602-13CB88C2ABF5}"
EndProject
Project("{FAE04EC0-301F-11D3-BF4B-00C04F79EFBC}") = "CharacterEditor", "CharacterEditor\CharacterEditor.csproj", "{69326F80-7E22-41AD-BF83-02829A2BA924}"
EndProject
Global
	GlobalSection(SolutionConfigurationPlatforms) = preSolution
		Debug|Any CPU = Debug|Any CPU
		Release|Any CPU = Release|Any CPU
	EndGlobalSection
	GlobalSection(ProjectConfigurationPlatforms) = postSolution
		{33953CE4-6BAD-4E04-9602-13CB88C2ABF5}.Debug|Any CPU.ActiveCfg = Debug|Any CPU
		{33953CE4-6BAD-4E04-9602-13CB88C2ABF5}.Debug|Any CPU.Build.0 = Debug|Any CPU
		{33953CE4-6BAD-4E04-9602-13CB88C2ABF5}.Release|Any CPU.ActiveCfg = Release|Any CPU
		{33953CE4-6BAD-4E04-9602-13CB88C2ABF5}.Release|Any CPU.Build.0 = Release|Any CPU
		{69326F80-7E22-41AD-BF83-02829A2BA924}.Debug|Any CPU.ActiveCfg = Debug|Any CPU
		{69326F80-7E22-41AD-BF83-02829A2BA924}.Debug|Any CPU.Build.0 = Debug|Any CPU
		{69326F80-7E22-41AD-BF83-02829A2BA924}.Release|Any CPU.ActiveCfg = Release|Any CPU
		{69326F80-7E22-41AD-BF83-02829A2BA924}.Release|Any CPU.Build.0 = Release|Any CPU
	EndGlobalSection
	GlobalSection(SolutionProperties) = preSolution
		HideSolutionNode = FALSE
	EndGlobalSection
	GlobalSection(SubversionScc) = preSolution
		Svn-Managed = True
		Manager = AnkhSVN - Subversion Support for Visual Studio
	EndGlobalSection
EndGlobal
